
Microsoft Visual Studio Solution File, Format Version 12.00
# Visual Studio Version 17
VisualStudioVersion = 17.0.32014.148
MinimumVisualStudioVersion = 10.0.40219.1
Project("{9A19103F-16F7-4668-BE54-9A1E7A4F7556}") = "work1", "work1.csproj", "{DCEDB36D-C441-4843-BCEA-CED8D040E363}"
EndProject
Global
	GlobalSection(SolutionConfigurationPlatforms) = preSolution
		Debug|Any CPU = Debug|Any CPU
		Release|Any CPU = Release|Any CPU
	EndGlobalSection
	GlobalSection(ProjectConfigurationPlatforms) = postSolution
		{DCEDB36D-C441-4843-BCEA-CED8D040E363}.Debug|Any CPU.ActiveCfg = Debug|Any CPU
		{DCEDB36D-C441-4843-BCEA-CED8D040E363}.Debug|Any CPU.Build.0 = Debug|Any CPU
		{DCEDB36D-C441-4843-BCEA-CED8D040E363}.Release|Any CPU.ActiveCfg = Release|Any CPU
		{DCEDB36D-C441-4843-BCEA-CED8D040E363}.Release|Any CPU.Build.0 = Release|Any CPU
	EndGlobalSection
	GlobalSection(SolutionProperties) = preSolution
		HideSolutionNode = FALSE
	EndGlobalSection
	GlobalSection(ExtensibilityGlobals) = postSolution
		SolutionGuid = {41E92706-D621-4B65-8407-B23725976ED5}
	EndGlobalSection
EndGlobal
